
Microsoft Visual Studio Solution File, Format Version 12.00
# Visual Studio Version 17
VisualStudioVersion = 17.3.32929.385
MinimumVisualStudioVersion = 10.0.40219.1
Project("{FAE04EC0-301F-11D3-BF4B-00C04F79EFBC}") = "MovieMaster", "MovieMaster\MovieMaster.csproj", "{74FB7753-7B08-492B-80DE-0DABB34219B8}"
EndProject
Project("{FAE04EC0-301F-11D3-BF4B-00C04F79EFBC}") = "MovieMaster.Data", "MovieMaster.Data\MovieMaster.Data.csproj", "{C3F520E2-DE8B-4E6D-8ADD-9E581F666EF7}"
EndProject
Project("{FAE04EC0-301F-11D3-BF4B-00C04F79EFBC}") = "MovieMaster.Data.Tests", "MovieMaster.Data.Tests\MovieMaster.Data.Tests.csproj", "{52AC01E5-DC11-4781-A22B-A826F141CC7B}"
EndProject
Project("{FAE04EC0-301F-11D3-BF4B-00C04F79EFBC}") = "MovieMaster.Service", "MovieMaster.Service\MovieMaster.Service.csproj", "{310379B0-B7F9-4D23-BEF6-E4F912F547B6}"
EndProject
Project("{FAE04EC0-301F-11D3-BF4B-00C04F79EFBC}") = "MovieMaster.Service.Tests", "MovieMaster.Service.Tests\MovieMaster.Service.Tests.csproj", "{84F7DF58-8413-4B98-8F31-8D9DD0DC0046}"
EndProject
Global
	GlobalSection(SolutionConfigurationPlatforms) = preSolution
		Debug|Any CPU = Debug|Any CPU
		Release|Any CPU = Release|Any CPU
	EndGlobalSection
	GlobalSection(ProjectConfigurationPlatforms) = postSolution
		{74FB7753-7B08-492B-80DE-0DABB34219B8}.Debug|Any CPU.ActiveCfg = Debug|Any CPU
		{74FB7753-7B08-492B-80DE-0DABB34219B8}.Debug|Any CPU.Build.0 = Debug|Any CPU
		{74FB7753-7B08-492B-80DE-0DABB34219B8}.Release|Any CPU.ActiveCfg = Release|Any CPU
		{74FB7753-7B08-492B-80DE-0DABB34219B8}.Release|Any CPU.Build.0 = Release|Any CPU
		{C3F520E2-DE8B-4E6D-8ADD-9E581F666EF7}.Debug|Any CPU.ActiveCfg = Debug|Any CPU
		{C3F520E2-DE8B-4E6D-8ADD-9E581F666EF7}.Debug|Any CPU.Build.0 = Debug|Any CPU
		{C3F520E2-DE8B-4E6D-8ADD-9E581F666EF7}.Release|Any CPU.ActiveCfg = Release|Any CPU
		{C3F520E2-DE8B-4E6D-8ADD-9E581F666EF7}.Release|Any CPU.Build.0 = Release|Any CPU
		{52AC01E5-DC11-4781-A22B-A826F141CC7B}.Debug|Any CPU.ActiveCfg = Debug|Any CPU
		{52AC01E5-DC11-4781-A22B-A826F141CC7B}.Debug|Any CPU.Build.0 = Debug|Any CPU
		{52AC01E5-DC11-4781-A22B-A826F141CC7B}.Release|Any CPU.ActiveCfg = Release|Any CPU
		{52AC01E5-DC11-4781-A22B-A826F141CC7B}.Release|Any CPU.Build.0 = Release|Any CPU
		{310379B0-B7F9-4D23-BEF6-E4F912F547B6}.Debug|Any CPU.ActiveCfg = Debug|Any CPU
		{310379B0-B7F9-4D23-BEF6-E4F912F547B6}.Debug|Any CPU.Build.0 = Debug|Any CPU
		{310379B0-B7F9-4D23-BEF6-E4F912F547B6}.Release|Any CPU.ActiveCfg = Release|Any CPU
		{310379B0-B7F9-4D23-BEF6-E4F912F547B6}.Release|Any CPU.Build.0 = Release|Any CPU
		{84F7DF58-8413-4B98-8F31-8D9DD0DC0046}.Debug|Any CPU.ActiveCfg = Debug|Any CPU
		{84F7DF58-8413-4B98-8F31-8D9DD0DC0046}.Debug|Any CPU.Build.0 = Debug|Any CPU
		{84F7DF58-8413-4B98-8F31-8D9DD0DC0046}.Release|Any CPU.ActiveCfg = Release|Any CPU
		{84F7DF58-8413-4B98-8F31-8D9DD0DC0046}.Release|Any CPU.Build.0 = Release|Any CPU
	EndGlobalSection
	GlobalSection(SolutionProperties) = preSolution
		HideSolutionNode = FALSE
	EndGlobalSection
	GlobalSection(ExtensibilityGlobals) = postSolution
		SolutionGuid = {15DCF5E0-E727-48A4-83A6-97990D411C4E}
	EndGlobalSection
EndGlobal
